// !$*UTF8*$!
{
	archiveVersion = 1;
	classes = {
	};
	objectVersion = 48;
	objects = {

/* Begin PBXBuildFile section */
		AC5AA18A20846B31002358D0 /* AppDelegate.swift in Sources */ = {isa = PBXBuildFile; fileRef = AC5AA18920846B31002358D0 /* AppDelegate.swift */; };
		AC5AA18C20846B31002358D0 /* ViewController.swift in Sources */ = {isa = PBXBuildFile; fileRef = AC5AA18B20846B31002358D0 /* ViewController.swift */; };
		AC5AA18F20846B31002358D0 /* Main.storyboard in Resources */ = {isa = PBXBuildFile; fileRef = AC5AA18D20846B31002358D0 /* Main.storyboard */; };
		AC5AA19120846B31002358D0 /* Assets.xcassets in Resources */ = {isa = PBXBuildFile; fileRef = AC5AA19020846B31002358D0 /* Assets.xcassets */; };
		AC5AA19420846B31002358D0 /* LaunchScreen.storyboard in Resources */ = {isa = PBXBuildFile; fileRef = AC5AA19220846B31002358D0 /* LaunchScreen.storyboard */; };
		AC5AA19F20846B32002358D0 /* MusicTests.swift in Sources */ = {isa = PBXBuildFile; fileRef = AC5AA19E20846B32002358D0 /* MusicTests.swift */; };
		AC5AA1AA20846B32002358D0 /* MusicUITests.swift in Sources */ = {isa = PBXBuildFile; fileRef = AC5AA1A920846B32002358D0 /* MusicUITests.swift */; };
/* End PBXBuildFile section */

/* Begin PBXContainerItemProxy section */
		AC5AA19B20846B32002358D0 /* PBXContainerItemProxy */ = {
			isa = PBXContainerItemProxy;
			containerPortal = AC5AA17E20846B31002358D0 /* Project object */;
			proxyType = 1;
			remoteGlobalIDString = AC5AA18520846B31002358D0;
			remoteInfo = Music;
		};
		AC5AA1A620846B32002358D0 /* PBXContainerItemProxy */ = {
			isa = PBXContainerItemProxy;
			containerPortal = AC5AA17E20846B31002358D0 /* Project object */;
			proxyType = 1;
			remoteGlobalIDString = AC5AA18520846B31002358D0;
			remoteInfo = Music;
		};
/* End PBXContainerItemProxy section */

/* Begin PBXFileReference section */
		AC5AA18620846B31002358D0 /* Music.app */ = {isa = PBXFileReference; explicitFileType = wrapper.application; includeInIndex = 0; path = Music.app; sourceTree = BUILT_PRODUCTS_DIR; };
		AC5AA18920846B31002358D0 /* AppDelegate.swift */ = {isa = PBXFileReference; lastKnownFileType = sourcecode.swift; path = AppDelegate.swift; sourceTree = "<group>"; };
		AC5AA18B20846B31002358D0 /* ViewController.swift */ = {isa = PBXFileReference; lastKnownFileType = sourcecode.swift; path = ViewController.swift; sourceTree = "<group>"; };
		AC5AA18E20846B31002358D0 /* Base */ = {isa = PBXFileReference; lastKnownFileType = file.storyboard; name = Base; path = Base.lproj/Main.storyboard; sourceTree = "<group>"; };
		AC5AA19020846B31002358D0 /* Assets.xcassets */ = {isa = PBXFileReference; lastKnownFileType = folder.assetcatalog; path = Assets.xcassets; sourceTree = "<group>"; };
		AC5AA19320846B31002358D0 /* Base */ = {isa = PBXFileReference; lastKnownFileType = file.storyboard; name = Base; path = Base.lproj/LaunchScreen.storyboard; sourceTree = "<group>"; };
		AC5AA19520846B31002358D0 /* Info.plist */ = {isa = PBXFileReference; lastKnownFileType = text.plist.xml; path = Info.plist; sourceTree = "<group>"; };
		AC5AA19A20846B32002358D0 /* MusicTests.xctest */ = {isa = PBXFileReference; explicitFileType = wrapper.cfbundle; includeInIndex = 0; path = MusicTests.xctest; sourceTree = BUILT_PRODUCTS_DIR; };
		AC5AA19E20846B32002358D0 /* MusicTests.swift */ = {isa = PBXFileReference; lastKnownFileType = sourcecode.swift; path = MusicTests.swift; sourceTree = "<group>"; };
		AC5AA1A020846B32002358D0 /* Info.plist */ = {isa = PBXFileReference; lastKnownFileType = text.plist.xml; path = Info.plist; sourceTree = "<group>"; };
		AC5AA1A520846B32002358D0 /* MusicUITests.xctest */ = {isa = PBXFileReference; explicitFileType = wrapper.cfbundle; includeInIndex = 0; path = MusicUITests.xctest; sourceTree = BUILT_PRODUCTS_DIR; };
		AC5AA1A920846B32002358D0 /* MusicUITests.swift */ = {isa = PBXFileReference; lastKnownFileType = sourcecode.swift; path = MusicUITests.swift; sourceTree = "<group>"; };
		AC5AA1AB20846B32002358D0 /* Info.plist */ = {isa = PBXFileReference; lastKnownFileType = text.plist.xml; path = Info.plist; sourceTree = "<group>"; };
/* End PBXFileReference section */

/* Begin PBXFrameworksBuildPhase section */
		AC5AA18320846B31002358D0 /* Frameworks */ = {
			isa = PBXFrameworksBuildPhase;
			buildActionMask = 2147483647;
			files = (
			);
			runOnlyForDeploymentPostprocessing = 0;
		};
		AC5AA19720846B32002358D0 /* Frameworks */ = {
			isa = PBXFrameworksBuildPhase;
			buildActionMask = 2147483647;
			files = (
			);
			runOnlyForDeploymentPostprocessing = 0;
		};
		AC5AA1A220846B32002358D0 /* Frameworks */ = {
			isa = PBXFrameworksBuildPhase;
			buildActionMask = 2147483647;
			files = (
			);
			runOnlyForDeploymentPostprocessing = 0;
		};
/* End PBXFrameworksBuildPhase section */

/* Begin PBXGroup section */
		AC5AA17D20846B31002358D0 = {
			isa = PBXGroup;
			children = (
				AC5AA18820846B31002358D0 /* Music */,
				AC5AA19D20846B32002358D0 /* MusicTests */,
				AC5AA1A820846B32002358D0 /* MusicUITests */,
				AC5AA18720846B31002358D0 /* Products */,
			);
			sourceTree = "<group>";
		};
		AC5AA18720846B31002358D0 /* Products */ = {
			isa = PBXGroup;
			children = (
				AC5AA18620846B31002358D0 /* Music.app */,
				AC5AA19A20846B32002358D0 /* MusicTests.xctest */,
				AC5AA1A520846B32002358D0 /* MusicUITests.xctest */,
			);
			name = Products;
			sourceTree = "<group>";
		};
		AC5AA18820846B31002358D0 /* Music */ = {
			isa = PBXGroup;
			children = (
				AC5AA18920846B31002358D0 /* AppDelegate.swift */,
				AC5AA18B20846B31002358D0 /* ViewController.swift */,
				AC5AA18D20846B31002358D0 /* Main.storyboard */,
				AC5AA19020846B31002358D0 /* Assets.xcassets */,
				AC5AA19220846B31002358D0 /* LaunchScreen.storyboard */,
				AC5AA19520846B31002358D0 /* Info.plist */,
			);
			path = Music;
			sourceTree = "<group>";
		};
		AC5AA19D20846B32002358D0 /* MusicTests */ = {
			isa = PBXGroup;
			children = (
				AC5AA19E20846B32002358D0 /* MusicTests.swift */,
				AC5AA1A020846B32002358D0 /* Info.plist */,
			);
			path = MusicTests;
			sourceTree = "<group>";
		};
		AC5AA1A820846B32002358D0 /* MusicUITests */ = {
			isa = PBXGroup;
			children = (
				AC5AA1A920846B32002358D0 /* MusicUITests.swift */,
				AC5AA1AB20846B32002358D0 /* Info.plist */,
			);
			path = MusicUITests;
			sourceTree = "<group>";
		};
/* End PBXGroup section */

/* Begin PBXNativeTarget section */
		AC5AA18520846B31002358D0 /* Music */ = {
			isa = PBXNativeTarget;
			buildConfigurationList = AC5AA1AE20846B33002358D0 /* Build configuration list for PBXNativeTarget "Music" */;
			buildPhases = (
				AC5AA18220846B31002358D0 /* Sources */,
				AC5AA18320846B31002358D0 /* Frameworks */,
				AC5AA18420846B31002358D0 /* Resources */,
			);
			buildRules = (
			);
			dependencies = (
			);
			name = Music;
			productName = Music;
			productReference = AC5AA18620846B31002358D0 /* Music.app */;
			productType = "com.apple.product-type.application";
		};
		AC5AA19920846B32002358D0 /* MusicTests */ = {
			isa = PBXNativeTarget;
			buildConfigurationList = AC5AA1B120846B33002358D0 /* Build configuration list for PBXNativeTarget "MusicTests" */;
			buildPhases = (
				AC5AA19620846B32002358D0 /* Sources */,
				AC5AA19720846B32002358D0 /* Frameworks */,
				AC5AA19820846B32002358D0 /* Resources */,
			);
			buildRules = (
			);
			dependencies = (
				AC5AA19C20846B32002358D0 /* PBXTargetDependency */,
			);
			name = MusicTests;
			productName = MusicTests;
			productReference = AC5AA19A20846B32002358D0 /* MusicTests.xctest */;
			productType = "com.apple.product-type.bundle.unit-test";
		};
		AC5AA1A420846B32002358D0 /* MusicUITests */ = {
			isa = PBXNativeTarget;
			buildConfigurationList = AC5AA1B420846B33002358D0 /* Build configuration list for PBXNativeTarget "MusicUITests" */;
			buildPhases = (
				AC5AA1A120846B32002358D0 /* Sources */,
				AC5AA1A220846B32002358D0 /* Frameworks */,
				AC5AA1A320846B32002358D0 /* Resources */,
			);
			buildRules = (
			);
			dependencies = (
				AC5AA1A720846B32002358D0 /* PBXTargetDependency */,
			);
			name = MusicUITests;
			productName = MusicUITests;
			productReference = AC5AA1A520846B32002358D0 /* MusicUITests.xctest */;
			productType = "com.apple.product-type.bundle.ui-testing";
		};
/* End PBXNativeTarget section */

/* Begin PBXProject section */
		AC5AA17E20846B31002358D0 /* Project object */ = {
			isa = PBXProject;
			attributes = {
				LastSwiftUpdateCheck = 0920;
				LastUpgradeCheck = 0920;
				ORGANIZATIONNAME = litech;
				TargetAttributes = {
					AC5AA18520846B31002358D0 = {
						CreatedOnToolsVersion = 9.2;
						ProvisioningStyle = Automatic;
					};
					AC5AA19920846B32002358D0 = {
						CreatedOnToolsVersion = 9.2;
						ProvisioningStyle = Automatic;
						TestTargetID = AC5AA18520846B31002358D0;
					};
					AC5AA1A420846B32002358D0 = {
						CreatedOnToolsVersion = 9.2;
						ProvisioningStyle = Automatic;
						TestTargetID = AC5AA18520846B31002358D0;
					};
				};
			};
			buildConfigurationList = AC5AA18120846B31002358D0 /* Build configuration list for PBXProject "Music" */;
			compatibilityVersion = "Xcode 8.0";
			developmentRegion = en;
			hasScannedForEncodings = 0;
			knownRegions = (
				en,
				Base,
			);
			mainGroup = AC5AA17D20846B31002358D0;
			productRefGroup = AC5AA18720846B31002358D0 /* Products */;
			projectDirPath = "";
			projectRoot = "";
			targets = (
				AC5AA18520846B31002358D0 /* Music */,
				AC5AA19920846B32002358D0 /* MusicTests */,
				AC5AA1A420846B32002358D0 /* MusicUITests */,
			);
		};
/* End PBXProject section */

/* Begin PBXResourcesBuildPhase section */
		AC5AA18420846B31002358D0 /* Resources */ = {
			isa = PBXResourcesBuildPhase;
			buildActionMask = 2147483647;
			files = (
				AC5AA19420846B31002358D0 /* LaunchScreen.storyboard in Resources */,
				AC5AA19120846B31002358D0 /* Assets.xcassets in Resources */,
				AC5AA18F20846B31002358D0 /* Main.storyboard in Resources */,
			);
			runOnlyForDeploymentPostprocessing = 0;
		};
		AC5AA19820846B32002358D0 /* Resources */ = {
			isa = PBXResourcesBuildPhase;
			buildActionMask = 2147483647;
			files = (
			);
			runOnlyForDeploymentPostprocessing = 0;
		};
		AC5AA1A320846B32002358D0 /* Resources */ = {
			isa = PBXResourcesBuildPhase;
			buildActionMask = 2147483647;
			files = (
			);
			runOnlyForDeploymentPostprocessing = 0;
		};
/* End PBXResourcesBuildPhase section */

/* Begin PBXSourcesBuildPhase section */
		AC5AA18220846B31002358D0 /* Sources */ = {
			isa = PBXSourcesBuildPhase;
			buildActionMask = 2147483647;
			files = (
				AC5AA18C20846B31002358D0 /* ViewController.swift in Sources */,
				AC5AA18A20846B31002358D0 /* AppDelegate.swift in Sources */,
			);
			runOnlyForDeploymentPostprocessing = 0;
		};
		AC5AA19620846B32002358D0 /* Sources */ = {
			isa = PBXSourcesBuildPhase;
			buildActionMask = 2147483647;
			files = (
				AC5AA19F20846B32002358D0 /* MusicTests.swift in Sources */,
			);
			runOnlyForDeploymentPostprocessing = 0;
		};
		AC5AA1A120846B32002358D0 /* Sources */ = {
			isa = PBXSourcesBuildPhase;
			buildActionMask = 2147483647;
			files = (
				AC5AA1AA20846B32002358D0 /* MusicUITests.swift in Sources */,
			);
			runOnlyForDeploymentPostprocessing = 0;
		};
/* End PBXSourcesBuildPhase section */

/* Begin PBXTargetDependency section */
		AC5AA19C20846B32002358D0 /* PBXTargetDependency */ = {
			isa = PBXTargetDependency;
			target = AC5AA18520846B31002358D0 /* Music */;
			targetProxy = AC5AA19B20846B32002358D0 /* PBXContainerItemProxy */;
		};
		AC5AA1A720846B32002358D0 /* PBXTargetDependency */ = {
			isa = PBXTargetDependency;
			target = AC5AA18520846B31002358D0 /* Music */;
			targetProxy = AC5AA1A620846B32002358D0 /* PBXContainerItemProxy */;
		};
/* End PBXTargetDependency section */

/* Begin PBXVariantGroup section */
		AC5AA18D20846B31002358D0 /* Main.storyboard */ = {
			isa = PBXVariantGroup;
			children = (
				AC5AA18E20846B31002358D0 /* Base */,
			);
			name = Main.storyboard;
			sourceTree = "<group>";
		};
		AC5AA19220846B31002358D0 /* LaunchScreen.storyboard */ = {
			isa = PBXVariantGroup;
			children = (
				AC5AA19320846B31002358D0 /* Base */,
			);
			name = LaunchScreen.storyboard;
			sourceTree = "<group>";
		};
/* End PBXVariantGroup section */

/* Begin XCBuildConfiguration section */
		AC5AA1AC20846B33002358D0 /* Debug */ = {
			isa = XCBuildConfiguration;
			buildSettings = {
				ALWAYS_SEARCH_USER_PATHS = NO;
				CLANG_ANALYZER_NONNULL = YES;
				CLANG_ANALYZER_NUMBER_OBJECT_CONVERSION = YES_AGGRESSIVE;
				CLANG_CXX_LANGUAGE_STANDARD = "gnu++14";
				CLANG_CXX_LIBRARY = "libc++";
				CLANG_ENABLE_MODULES = YES;
				CLANG_ENABLE_OBJC_ARC = YES;
				CLANG_WARN_BLOCK_CAPTURE_AUTORELEASING = YES;
				CLANG_WARN_BOOL_CONVERSION = YES;
				CLANG_WARN_COMMA = YES;
				CLANG_WARN_CONSTANT_CONVERSION = YES;
				CLANG_WARN_DIRECT_OBJC_ISA_USAGE = YES_ERROR;
				CLANG_WARN_DOCUMENTATION_COMMENTS = YES;
				CLANG_WARN_EMPTY_BODY = YES;
				CLANG_WARN_ENUM_CONVERSION = YES;
				CLANG_WARN_INFINITE_RECURSION = YES;
				CLANG_WARN_INT_CONVERSION = YES;
				CLANG_WARN_NON_LITERAL_NULL_CONVERSION = YES;
				CLANG_WARN_OBJC_LITERAL_CONVERSION = YES;
				CLANG_WARN_OBJC_ROOT_CLASS = YES_ERROR;
				CLANG_WARN_RANGE_LOOP_ANALYSIS = YES;
				CLANG_WARN_STRICT_PROTOTYPES = YES;
				CLANG_WARN_SUSPICIOUS_MOVE = YES;
				CLANG_WARN_UNGUARDED_AVAILABILITY = YES_AGGRESSIVE;
				CLANG_WARN_UNREACHABLE_CODE = YES;
				CLANG_WARN__DUPLICATE_METHOD_MATCH = YES;
				CODE_SIGN_IDENTITY = "iPhone Developer";
				COPY_PHASE_STRIP = NO;
				DEBUG_INFORMATION_FORMAT = dwarf;
				ENABLE_STRICT_OBJC_MSGSEND = YES;
				ENABLE_TESTABILITY = YES;
				GCC_C_LANGUAGE_STANDARD = gnu11;
				GCC_DYNAMIC_NO_PIC = NO;
				GCC_NO_COMMON_BLOCKS = YES;
				GCC_OPTIMIZATION_LEVEL = 0;
				GCC_PREPROCESSOR_DEFINITIONS = (
					"DEBUG=1",
					"$(inherited)",
				);
				GCC_WARN_64_TO_32_BIT_CONVERSION = YES;
				GCC_WARN_ABOUT_RETURN_TYPE = YES_ERROR;
				GCC_WARN_UNDECLARED_SELECTOR = YES;
				GCC_WARN_UNINITIALIZED_AUTOS = YES_AGGRESSIVE;
				GCC_WARN_UNUSED_FUNCTION = YES;
				GCC_WARN_UNUSED_VARIABLE = YES;
				IPHONEOS_DEPLOYMENT_TARGET = 11.2;
				MTL_ENABLE_DEBUG_INFO = YES;
				ONLY_ACTIVE_ARCH = YES;
				SDKROOT = iphoneos;
				SWIFT_ACTIVE_COMPILATION_CONDITIONS = DEBUG;
				SWIFT_OPTIMIZATION_LEVEL = "-Onone";
			};
			name = Debug;
		};
		AC5AA1AD20846B33002358D0 /* Release */ = {
			isa = XCBuildConfiguration;
			buildSettings = {
				ALWAYS_SEARCH_USER_PATHS = NO;
				CLANG_ANALYZER_NONNULL = YES;
				CLANG_ANALYZER_NUMBER_OBJECT_CONVERSION = YES_AGGRESSIVE;
				CLANG_CXX_LANGUAGE_STANDARD = "gnu++14";
				CLANG_CXX_LIBRARY = "libc++";
				CLANG_ENABLE_MODULES = YES;
				CLANG_ENABLE_OBJC_ARC = YES;
				CLANG_WARN_BLOCK_CAPTURE_AUTORELEASING = YES;
				CLANG_WARN_BOOL_CONVERSION = YES;
				CLANG_WARN_COMMA = YES;
				CLANG_WARN_CONSTANT_CONVERSION = YES;
				CLANG_WARN_DIRECT_OBJC_ISA_USAGE = YES_ERROR;
				CLANG_WARN_DOCUMENTATION_COMMENTS = YES;
				CLANG_WARN_EMPTY_BODY = YES;
				CLANG_WARN_ENUM_CONVERSION = YES;
				CLANG_WARN_INFINITE_RECURSION = YES;
				CLANG_WARN_INT_CONVERSION = YES;
				CLANG_WARN_NON_LITERAL_NULL_CONVERSION = YES;
				CLANG_WARN_OBJC_LITERAL_CONVERSION = YES;
				CLANG_WARN_OBJC_ROOT_CLASS = YES_ERROR;
				CLANG_WARN_RANGE_LOOP_ANALYSIS = YES;
				CLANG_WARN_STRICT_PROTOTYPES = YES;
				CLANG_WARN_SUSPICIOUS_MOVE = YES;
				CLANG_WARN_UNGUARDED_AVAILABILITY = YES_AGGRESSIVE;
				CLANG_WARN_UNREACHABLE_CODE = YES;
				CLANG_WARN__DUPLICATE_METHOD_MATCH = YES;
				CODE_SIGN_IDENTITY = "iPhone Developer";
				COPY_PHASE_STRIP = NO;
				DEBUG_INFORMATION_FORMAT = "dwarf-with-dsym";
				ENABLE_NS_ASSERTIONS = NO;
				ENABLE_STRICT_OBJC_MSGSEND = YES;
				GCC_C_LANGUAGE_STANDARD = gnu11;
				GCC_NO_COMMON_BLOCKS = YES;
				GCC_WARN_64_TO_32_BIT_CONVERSION = YES;
				GCC_WARN_ABOUT_RETURN_TYPE = YES_ERROR;
				GCC_WARN_UNDECLARED_SELECTOR = YES;
				GCC_WARN_UNINITIALIZED_AUTOS = YES_AGGRESSIVE;
				GCC_WARN_UNUSED_FUNCTION = YES;
				GCC_WARN_UNUSED_VARIABLE = YES;
				IPHONEOS_DEPLOYMENT_TARGET = 11.2;
				MTL_ENABLE_DEBUG_INFO = NO;
				SDKROOT = iphoneos;
				SWIFT_OPTIMIZATION_LEVEL = "-Owholemodule";
				VALIDATE_PRODUCT = YES;
			};
			name = Release;
		};
		AC5AA1AF20846B33002358D0 /* Debug */ = {
			isa = XCBuildConfiguration;
			buildSettings = {
				ASSETCATALOG_COMPILER_APPICON_NAME = AppIcon;
				CODE_SIGN_STYLE = Automatic;
				INFOPLIST_FILE = Music/Info.plist;
				LD_RUNPATH_SEARCH_PATHS = "$(inherited) @executable_path/Frameworks";
				PRODUCT_BUNDLE_IDENTIFIER = com.example.Music;
				PRODUCT_NAME = "$(TARGET_NAME)";
				SWIFT_VERSION = 4.0;
				TARGETED_DEVICE_FAMILY = "1,2";
			};
			name = Debug;
		};
		AC5AA1B020846B33002358D0 /* Release */ = {
			isa = XCBuildConfiguration;
			buildSettings = {
				ASSETCATALOG_COMPILER_APPICON_NAME = AppIcon;
				CODE_SIGN_STYLE = Automatic;
				INFOPLIST_FILE = Music/Info.plist;
				LD_RUNPATH_SEARCH_PATHS = "$(inherited) @executable_path/Frameworks";
				PRODUCT_BUNDLE_IDENTIFIER = com.example.Music;
				PRODUCT_NAME = "$(TARGET_NAME)";
				SWIFT_VERSION = 4.0;
				TARGETED_DEVICE_FAMILY = "1,2";
			};
			name = Release;
		};
		AC5AA1B220846B33002358D0 /* Debug */ = {
			isa = XCBuildConfiguration;
			buildSettings = {
				ALWAYS_EMBED_SWIFT_STANDARD_LIBRARIES = YES;
				BUNDLE_LOADER = "$(TEST_HOST)";
				CODE_SIGN_STYLE = Automatic;
				INFOPLIST_FILE = MusicTests/Info.plist;
				LD_RUNPATH_SEARCH_PATHS = "$(inherited) @executable_path/Frameworks @loader_path/Frameworks";
				PRODUCT_BUNDLE_IDENTIFIER = com.example.MusicTests;
				PRODUCT_NAME = "$(TARGET_NAME)";
				SWIFT_VERSION = 4.0;
				TARGETED_DEVICE_FAMILY = "1,2";
				TEST_HOST = "$(BUILT_PRODUCTS_DIR)/Music.app/Music";
			};
			name = Debug;
		};
		AC5AA1B320846B33002358D0 /* Release */ = {
			isa = XCBuildConfiguration;
			buildSettings = {
				ALWAYS_EMBED_SWIFT_STANDARD_LIBRARIES = YES;
				BUNDLE_LOADER = "$(TEST_HOST)";
				CODE_SIGN_STYLE = Automatic;
				INFOPLIST_FILE = MusicTests/Info.plist;
				LD_RUNPATH_SEARCH_PATHS = "$(inherited) @executable_path/Frameworks @loader_path/Frameworks";
				PRODUCT_BUNDLE_IDENTIFIER = com.example.MusicTests;
				PRODUCT_NAME = "$(TARGET_NAME)";
				SWIFT_VERSION = 4.0;
				TARGETED_DEVICE_FAMILY = "1,2";
				TEST_HOST = "$(BUILT_PRODUCTS_DIR)/Music.app/Music";
			};
			name = Release;
		};
		AC5AA1B520846B33002358D0 /* Debug */ = {
			isa = XCBuildConfiguration;
			buildSettings = {
				ALWAYS_EMBED_SWIFT_STANDARD_LIBRARIES = YES;
				CODE_SIGN_STYLE = Automatic;
				INFOPLIST_FILE = MusicUITests/Info.plist;
				LD_RUNPATH_SEARCH_PATHS = "$(inherited) @executable_path/Frameworks @loader_path/Frameworks";
				PRODUCT_BUNDLE_IDENTIFIER = com.example.MusicUITests;
				PRODUCT_NAME = "$(TARGET_NAME)";
				SWIFT_VERSION = 4.0;
				TARGETED_DEVICE_FAMILY = "1,2";
				TEST_TARGET_NAME = Music;
			};
			name = Debug;
		};
		AC5AA1B620846B33002358D0 /* Release */ = {
			isa = XCBuildConfiguration;
			buildSettings = {
				ALWAYS_EMBED_SWIFT_STANDARD_LIBRARIES = YES;
				CODE_SIGN_STYLE = Automatic;
				INFOPLIST_FILE = MusicUITests/Info.plist;
				LD_RUNPATH_SEARCH_PATHS = "$(inherited) @executable_path/Frameworks @loader_path/Frameworks";
				PRODUCT_BUNDLE_IDENTIFIER = com.example.MusicUITests;
				PRODUCT_NAME = "$(TARGET_NAME)";
				SWIFT_VERSION = 4.0;
				TARGETED_DEVICE_FAMILY = "1,2";
				TEST_TARGET_NAME = Music;
			};
			name = Release;
		};
/* End XCBuildConfiguration section */

/* Begin XCConfigurationList section */
		AC5AA18120846B31002358D0 /* Build configuration list for PBXProject "Music" */ = {
			isa = XCConfigurationList;
			buildConfigurations = (
				AC5AA1AC20846B33002358D0 /* Debug */,
				AC5AA1AD20846B33002358D0 /* Release */,
			);
			defaultConfigurationIsVisible = 0;
			defaultConfigurationName = Release;
		};
		AC5AA1AE20846B33002358D0 /* Build configuration list for PBXNativeTarget "Music" */ = {
			isa = XCConfigurationList;
			buildConfigurations = (
				AC5AA1AF20846B33002358D0 /* Debug */,
				AC5AA1B020846B33002358D0 /* Release */,
			);
			defaultConfigurationIsVisible = 0;
			defaultConfigurationName = Release;
		};
		AC5AA1B120846B33002358D0 /* Build configuration list for PBXNativeTarget "MusicTests" */ = {
			isa = XCConfigurationList;
			buildConfigurations = (
				AC5AA1B220846B33002358D0 /* Debug */,
				AC5AA1B320846B33002358D0 /* Release */,
			);
			defaultConfigurationIsVisible = 0;
			defaultConfigurationName = Release;
		};
		AC5AA1B420846B33002358D0 /* Build configuration list for PBXNativeTarget "MusicUITests" */ = {
			isa = XCConfigurationList;
			buildConfigurations = (
				AC5AA1B520846B33002358D0 /* Debug */,
				AC5AA1B620846B33002358D0 /* Release */,
			);
			defaultConfigurationIsVisible = 0;
			defaultConfigurationName = Release;
		};
/* End XCConfigurationList section */
	};
	rootObject = AC5AA17E20846B31002358D0 /* Project object */;
}
